
Microsoft Visual Studio Solution File, Format Version 12.00
# Visual Studio 15
VisualStudioVersion = 15.0.27130.2036
MinimumVisualStudioVersion = 10.0.40219.1
Project("{FAE04EC0-301F-11D3-BF4B-00C04F79EFBC}") = "ControlForm", "ControlForm\ControlForm.csproj", "{20E84449-D619-4688-A3A6-F6724F94B9AA}"
EndProject
Project("{FAE04EC0-301F-11D3-BF4B-00C04F79EFBC}") = "ReceiveForm", "ReceiveForm\ReceiveForm.csproj", "{6DEAF4FD-83A0-4AF3-A04C-DB822ABDF162}"
EndProject
Global
	GlobalSection(SolutionConfigurationPlatforms) = preSolution
		Debug|Any CPU = Debug|Any CPU
		Release|Any CPU = Release|Any CPU
	EndGlobalSection
	GlobalSection(ProjectConfigurationPlatforms) = postSolution
		{20E84449-D619-4688-A3A6-F6724F94B9AA}.Debug|Any CPU.ActiveCfg = Debug|Any CPU
		{20E84449-D619-4688-A3A6-F6724F94B9AA}.Debug|Any CPU.Build.0 = Debug|Any CPU
		{20E84449-D619-4688-A3A6-F6724F94B9AA}.Release|Any CPU.ActiveCfg = Release|Any CPU
		{20E84449-D619-4688-A3A6-F6724F94B9AA}.Release|Any CPU.Build.0 = Release|Any CPU
		{6DEAF4FD-83A0-4AF3-A04C-DB822ABDF162}.Debug|Any CPU.ActiveCfg = Debug|Any CPU
		{6DEAF4FD-83A0-4AF3-A04C-DB822ABDF162}.Debug|Any CPU.Build.0 = Debug|Any CPU
		{6DEAF4FD-83A0-4AF3-A04C-DB822ABDF162}.Release|Any CPU.ActiveCfg = Release|Any CPU
		{6DEAF4FD-83A0-4AF3-A04C-DB822ABDF162}.Release|Any CPU.Build.0 = Release|Any CPU
	EndGlobalSection
	GlobalSection(SolutionProperties) = preSolution
		HideSolutionNode = FALSE
	EndGlobalSection
	GlobalSection(ExtensibilityGlobals) = postSolution
		SolutionGuid = {92199868-B489-483D-9F50-5C6775F0F8D1}
	EndGlobalSection
EndGlobal
